
Microsoft Visual Studio Solution File, Format Version 12.00
# Visual Studio Version 17
VisualStudioVersion = 17.0.32014.148
MinimumVisualStudioVersion = 10.0.40219.1
Project("{FAE04EC0-301F-11D3-BF4B-00C04F79EFBC}") = "NotQuora", "NotQuora.csproj", "{36AF0AE5-2306-4FFA-8D71-87819DE3E41F}"
EndProject
Global
	GlobalSection(SolutionConfigurationPlatforms) = preSolution
		Debug|Any CPU = Debug|Any CPU
		Release|Any CPU = Release|Any CPU
	EndGlobalSection
	GlobalSection(ProjectConfigurationPlatforms) = postSolution
		{36AF0AE5-2306-4FFA-8D71-87819DE3E41F}.Debug|Any CPU.ActiveCfg = Debug|Any CPU
		{36AF0AE5-2306-4FFA-8D71-87819DE3E41F}.Debug|Any CPU.Build.0 = Debug|Any CPU
		{36AF0AE5-2306-4FFA-8D71-87819DE3E41F}.Release|Any CPU.ActiveCfg = Release|Any CPU
		{36AF0AE5-2306-4FFA-8D71-87819DE3E41F}.Release|Any CPU.Build.0 = Release|Any CPU
	EndGlobalSection
	GlobalSection(SolutionProperties) = preSolution
		HideSolutionNode = FALSE
	EndGlobalSection
	GlobalSection(ExtensibilityGlobals) = postSolution
		SolutionGuid = {E6BD0047-3196-47E7-9D43-44A67C53384D}
	EndGlobalSection
EndGlobal
